
Microsoft Visual Studio Solution File, Format Version 12.00
# Visual Studio Version 17
VisualStudioVersion = 17.5.33209.295
MinimumVisualStudioVersion = 10.0.40219.1
Project("{FAE04EC0-301F-11D3-BF4B-00C04F79EFBC}") = "02-exercise", "01-exercise\02-exercise.csproj", "{88F9FD19-45B5-48A6-989A-4CAB7E96C4BC}"
EndProject
Project("{FAE04EC0-301F-11D3-BF4B-00C04F79EFBC}") = "TestLabelTextBox", "Test\TestLabelTextBox.csproj", "{07D61BAA-E12E-487F-85AD-CB1338C351E7}"
EndProject
Project("{FAE04EC0-301F-11D3-BF4B-00C04F79EFBC}") = "TestWarningLabel", "TestWarningLabel\TestWarningLabel.csproj", "{DAFF33E1-8E0A-4697-B34B-243A2D513C43}"
EndProject
Global
	GlobalSection(SolutionConfigurationPlatforms) = preSolution
		Debug|Any CPU = Debug|Any CPU
		Release|Any CPU = Release|Any CPU
	EndGlobalSection
	GlobalSection(ProjectConfigurationPlatforms) = postSolution
		{88F9FD19-45B5-48A6-989A-4CAB7E96C4BC}.Debug|Any CPU.ActiveCfg = Debug|Any CPU
		{88F9FD19-45B5-48A6-989A-4CAB7E96C4BC}.Debug|Any CPU.Build.0 = Debug|Any CPU
		{88F9FD19-45B5-48A6-989A-4CAB7E96C4BC}.Release|Any CPU.ActiveCfg = Release|Any CPU
		{88F9FD19-45B5-48A6-989A-4CAB7E96C4BC}.Release|Any CPU.Build.0 = Release|Any CPU
		{07D61BAA-E12E-487F-85AD-CB1338C351E7}.Debug|Any CPU.ActiveCfg = Debug|Any CPU
		{07D61BAA-E12E-487F-85AD-CB1338C351E7}.Debug|Any CPU.Build.0 = Debug|Any CPU
		{07D61BAA-E12E-487F-85AD-CB1338C351E7}.Release|Any CPU.ActiveCfg = Release|Any CPU
		{07D61BAA-E12E-487F-85AD-CB1338C351E7}.Release|Any CPU.Build.0 = Release|Any CPU
		{DAFF33E1-8E0A-4697-B34B-243A2D513C43}.Debug|Any CPU.ActiveCfg = Debug|Any CPU
		{DAFF33E1-8E0A-4697-B34B-243A2D513C43}.Debug|Any CPU.Build.0 = Debug|Any CPU
		{DAFF33E1-8E0A-4697-B34B-243A2D513C43}.Release|Any CPU.ActiveCfg = Release|Any CPU
		{DAFF33E1-8E0A-4697-B34B-243A2D513C43}.Release|Any CPU.Build.0 = Release|Any CPU
	EndGlobalSection
	GlobalSection(SolutionProperties) = preSolution
		HideSolutionNode = FALSE
	EndGlobalSection
	GlobalSection(ExtensibilityGlobals) = postSolution
		SolutionGuid = {E9AF7AB4-BCDA-4F88-B95E-48AA57A72200}
	EndGlobalSection
EndGlobal
