
Microsoft Visual Studio Solution File, Format Version 12.00
# Visual Studio Version 17
VisualStudioVersion = 17.3.32901.215
MinimumVisualStudioVersion = 10.0.40219.1
Project("{FAE04EC0-301F-11D3-BF4B-00C04F79EFBC}") = "01-exercise", "01-exercise\01-exercise.csproj", "{EADA912A-1988-4366-9FB5-25B11AAD2C86}"
EndProject
Global
	GlobalSection(SolutionConfigurationPlatforms) = preSolution
		Debug|Any CPU = Debug|Any CPU
		Release|Any CPU = Release|Any CPU
	EndGlobalSection
	GlobalSection(ProjectConfigurationPlatforms) = postSolution
		{EADA912A-1988-4366-9FB5-25B11AAD2C86}.Debug|Any CPU.ActiveCfg = Debug|Any CPU
		{EADA912A-1988-4366-9FB5-25B11AAD2C86}.Debug|Any CPU.Build.0 = Debug|Any CPU
		{EADA912A-1988-4366-9FB5-25B11AAD2C86}.Release|Any CPU.ActiveCfg = Release|Any CPU
		{EADA912A-1988-4366-9FB5-25B11AAD2C86}.Release|Any CPU.Build.0 = Release|Any CPU
	EndGlobalSection
	GlobalSection(SolutionProperties) = preSolution
		HideSolutionNode = FALSE
	EndGlobalSection
	GlobalSection(ExtensibilityGlobals) = postSolution
		SolutionGuid = {9E5ED343-36D9-44CF-AABF-EC65D3B7F556}
	EndGlobalSection
EndGlobal
