
Microsoft Visual Studio Solution File, Format Version 12.00
# Visual Studio Version 17
VisualStudioVersion = 17.3.32825.248
MinimumVisualStudioVersion = 10.0.40219.1
Project("{FAE04EC0-301F-11D3-BF4B-00C04F79EFBC}") = "01-exercise", "01-exercise\01-exercise.csproj", "{2A9CCDC4-948C-4C0A-9423-1480BF358C41}"
EndProject
Global
	GlobalSection(SolutionConfigurationPlatforms) = preSolution
		Debug|Any CPU = Debug|Any CPU
		Release|Any CPU = Release|Any CPU
	EndGlobalSection
	GlobalSection(ProjectConfigurationPlatforms) = postSolution
		{2A9CCDC4-948C-4C0A-9423-1480BF358C41}.Debug|Any CPU.ActiveCfg = Debug|Any CPU
		{2A9CCDC4-948C-4C0A-9423-1480BF358C41}.Debug|Any CPU.Build.0 = Debug|Any CPU
		{2A9CCDC4-948C-4C0A-9423-1480BF358C41}.Release|Any CPU.ActiveCfg = Release|Any CPU
		{2A9CCDC4-948C-4C0A-9423-1480BF358C41}.Release|Any CPU.Build.0 = Release|Any CPU
	EndGlobalSection
	GlobalSection(SolutionProperties) = preSolution
		HideSolutionNode = FALSE
	EndGlobalSection
	GlobalSection(ExtensibilityGlobals) = postSolution
		SolutionGuid = {D4700075-0475-4F78-BD76-353525BB781C}
	EndGlobalSection
EndGlobal
