
Microsoft Visual Studio Solution File, Format Version 12.00
# Visual Studio Version 17
VisualStudioVersion = 17.5.33209.295
MinimumVisualStudioVersion = 10.0.40219.1
Project("{FAE04EC0-301F-11D3-BF4B-00C04F79EFBC}") = "03-exercise", "03-exercise\03-exercise.csproj", "{21A9ADA8-8BF6-4E0B-A150-45F2FD24EA53}"
EndProject
Project("{FAE04EC0-301F-11D3-BF4B-00C04F79EFBC}") = "App", "App\App.csproj", "{2886C8C9-6CDF-47D3-87BA-629D66E8149A}"
EndProject
Global
	GlobalSection(SolutionConfigurationPlatforms) = preSolution
		Debug|Any CPU = Debug|Any CPU
		Release|Any CPU = Release|Any CPU
	EndGlobalSection
	GlobalSection(ProjectConfigurationPlatforms) = postSolution
		{21A9ADA8-8BF6-4E0B-A150-45F2FD24EA53}.Debug|Any CPU.ActiveCfg = Debug|Any CPU
		{21A9ADA8-8BF6-4E0B-A150-45F2FD24EA53}.Debug|Any CPU.Build.0 = Debug|Any CPU
		{21A9ADA8-8BF6-4E0B-A150-45F2FD24EA53}.Release|Any CPU.ActiveCfg = Release|Any CPU
		{21A9ADA8-8BF6-4E0B-A150-45F2FD24EA53}.Release|Any CPU.Build.0 = Release|Any CPU
		{2886C8C9-6CDF-47D3-87BA-629D66E8149A}.Debug|Any CPU.ActiveCfg = Debug|Any CPU
		{2886C8C9-6CDF-47D3-87BA-629D66E8149A}.Debug|Any CPU.Build.0 = Debug|Any CPU
		{2886C8C9-6CDF-47D3-87BA-629D66E8149A}.Release|Any CPU.ActiveCfg = Release|Any CPU
		{2886C8C9-6CDF-47D3-87BA-629D66E8149A}.Release|Any CPU.Build.0 = Release|Any CPU
	EndGlobalSection
	GlobalSection(SolutionProperties) = preSolution
		HideSolutionNode = FALSE
	EndGlobalSection
	GlobalSection(ExtensibilityGlobals) = postSolution
		SolutionGuid = {CF693CC5-C1DB-49D1-8108-C15B11E42F96}
	EndGlobalSection
EndGlobal
