
Microsoft Visual Studio Solution File, Format Version 12.00
# Visual Studio Version 17
VisualStudioVersion = 17.3.32929.385
MinimumVisualStudioVersion = 10.0.40219.1
Project("{FAE04EC0-301F-11D3-BF4B-00C04F79EFBC}") = "03-exercise", "03-exercise\03-exercise.csproj", "{B4128431-6363-4A8F-A44B-0BF4001349F3}"
EndProject
Global
	GlobalSection(SolutionConfigurationPlatforms) = preSolution
		Debug|Any CPU = Debug|Any CPU
		Release|Any CPU = Release|Any CPU
	EndGlobalSection
	GlobalSection(ProjectConfigurationPlatforms) = postSolution
		{B4128431-6363-4A8F-A44B-0BF4001349F3}.Debug|Any CPU.ActiveCfg = Debug|Any CPU
		{B4128431-6363-4A8F-A44B-0BF4001349F3}.Debug|Any CPU.Build.0 = Debug|Any CPU
		{B4128431-6363-4A8F-A44B-0BF4001349F3}.Release|Any CPU.ActiveCfg = Release|Any CPU
		{B4128431-6363-4A8F-A44B-0BF4001349F3}.Release|Any CPU.Build.0 = Release|Any CPU
	EndGlobalSection
	GlobalSection(SolutionProperties) = preSolution
		HideSolutionNode = FALSE
	EndGlobalSection
	GlobalSection(ExtensibilityGlobals) = postSolution
		SolutionGuid = {4122B358-EFF1-426A-9BE0-5C6404F0896E}
	EndGlobalSection
EndGlobal
