
Microsoft Visual Studio Solution File, Format Version 12.00
# Visual Studio Version 17
VisualStudioVersion = 17.3.32929.385
MinimumVisualStudioVersion = 10.0.40219.1
Project("{FAE04EC0-301F-11D3-BF4B-00C04F79EFBC}") = "08-exercise", "08-exercise\08-exercise.csproj", "{6C9F7F09-B92A-4070-8800-316EED8EE33E}"
EndProject
Global
	GlobalSection(SolutionConfigurationPlatforms) = preSolution
		Debug|Any CPU = Debug|Any CPU
		Release|Any CPU = Release|Any CPU
	EndGlobalSection
	GlobalSection(ProjectConfigurationPlatforms) = postSolution
		{6C9F7F09-B92A-4070-8800-316EED8EE33E}.Debug|Any CPU.ActiveCfg = Debug|Any CPU
		{6C9F7F09-B92A-4070-8800-316EED8EE33E}.Debug|Any CPU.Build.0 = Debug|Any CPU
		{6C9F7F09-B92A-4070-8800-316EED8EE33E}.Release|Any CPU.ActiveCfg = Release|Any CPU
		{6C9F7F09-B92A-4070-8800-316EED8EE33E}.Release|Any CPU.Build.0 = Release|Any CPU
	EndGlobalSection
	GlobalSection(SolutionProperties) = preSolution
		HideSolutionNode = FALSE
	EndGlobalSection
	GlobalSection(ExtensibilityGlobals) = postSolution
		SolutionGuid = {D75FDE65-CCBD-4593-A7E4-DE25822B7718}
	EndGlobalSection
EndGlobal
