
Microsoft Visual Studio Solution File, Format Version 12.00
# Visual Studio Version 17
VisualStudioVersion = 17.3.32901.215
MinimumVisualStudioVersion = 10.0.40219.1
Project("{FAE04EC0-301F-11D3-BF4B-00C04F79EFBC}") = "05-exercise", "05-exercise\05-exercise.csproj", "{B5D2FD83-B140-4123-998E-2617DD63EB72}"
EndProject
Global
	GlobalSection(SolutionConfigurationPlatforms) = preSolution
		Debug|Any CPU = Debug|Any CPU
		Release|Any CPU = Release|Any CPU
	EndGlobalSection
	GlobalSection(ProjectConfigurationPlatforms) = postSolution
		{B5D2FD83-B140-4123-998E-2617DD63EB72}.Debug|Any CPU.ActiveCfg = Debug|Any CPU
		{B5D2FD83-B140-4123-998E-2617DD63EB72}.Debug|Any CPU.Build.0 = Debug|Any CPU
		{B5D2FD83-B140-4123-998E-2617DD63EB72}.Release|Any CPU.ActiveCfg = Release|Any CPU
		{B5D2FD83-B140-4123-998E-2617DD63EB72}.Release|Any CPU.Build.0 = Release|Any CPU
	EndGlobalSection
	GlobalSection(SolutionProperties) = preSolution
		HideSolutionNode = FALSE
	EndGlobalSection
	GlobalSection(ExtensibilityGlobals) = postSolution
		SolutionGuid = {80BB9270-1CCF-47B9-BBE0-9A21B6B8ED25}
	EndGlobalSection
EndGlobal
